
Microsoft Visual Studio Solution File, Format Version 12.00
# Visual Studio Version 17
VisualStudioVersion = 17.12.35707.178
MinimumVisualStudioVersion = 10.0.40219.1
Project("{FAE04EC0-301F-11D3-BF4B-00C04F79EFBC}") = "Parquet.Data.Ado", "Parquet.Data.Ado\Parquet.Data.Ado.csproj", "{119BE53B-8B35-4B3D-A847-D9717BBF128A}"
EndProject
Project("{FAE04EC0-301F-11D3-BF4B-00C04F79EFBC}") = "Parquet.Data.Ado.Test", "Parquet.Data.Ado.Test\Parquet.Data.Ado.Test.csproj", "{2B40E44F-5FE3-43F1-A2C2-CA9F4801813D}"
EndProject
Project("{2150E333-8FDC-42A3-9474-1A3956D46DE8}") = "Media", "Media", "{61AAC115-FAE6-4F77-AB41-8904EC4E877C}"
	ProjectSection(SolutionItems) = preProject
		Meida\Parquet.Data.Ado.ico = Meida\Parquet.Data.Ado.ico
		Meida\Parquet.Data.Ado.jpg = Meida\Parquet.Data.Ado.jpg
	EndProjectSection
EndProject
Global
	GlobalSection(SolutionConfigurationPlatforms) = preSolution
		Debug|Any CPU = Debug|Any CPU
		Release|Any CPU = Release|Any CPU
	EndGlobalSection
	GlobalSection(ProjectConfigurationPlatforms) = postSolution
		{119BE53B-8B35-4B3D-A847-D9717BBF128A}.Debug|Any CPU.ActiveCfg = Debug|Any CPU
		{119BE53B-8B35-4B3D-A847-D9717BBF128A}.Debug|Any CPU.Build.0 = Debug|Any CPU
		{119BE53B-8B35-4B3D-A847-D9717BBF128A}.Release|Any CPU.ActiveCfg = Release|Any CPU
		{119BE53B-8B35-4B3D-A847-D9717BBF128A}.Release|Any CPU.Build.0 = Release|Any CPU
		{2B40E44F-5FE3-43F1-A2C2-CA9F4801813D}.Debug|Any CPU.ActiveCfg = Debug|Any CPU
		{2B40E44F-5FE3-43F1-A2C2-CA9F4801813D}.Debug|Any CPU.Build.0 = Debug|Any CPU
		{2B40E44F-5FE3-43F1-A2C2-CA9F4801813D}.Release|Any CPU.ActiveCfg = Release|Any CPU
		{2B40E44F-5FE3-43F1-A2C2-CA9F4801813D}.Release|Any CPU.Build.0 = Release|Any CPU
	EndGlobalSection
	GlobalSection(SolutionProperties) = preSolution
		HideSolutionNode = FALSE
	EndGlobalSection
EndGlobal
